
Microsoft Visual Studio Solution File, Format Version 12.00
# Visual Studio Version 16
VisualStudioVersion = 16.0.32929.386
MinimumVisualStudioVersion = 10.0.40219.1
Project("{FAE04EC0-301F-11D3-BF4B-00C04F79EFBC}") = "SalesWebMvc", "SalesWebMvc\SalesWebMvc.csproj", "{D24BEC35-27C2-4845-B5CE-BB175F5C8CB3}"
EndProject
Global
	GlobalSection(SolutionConfigurationPlatforms) = preSolution
		Debug|Any CPU = Debug|Any CPU
		Release|Any CPU = Release|Any CPU
	EndGlobalSection
	GlobalSection(ProjectConfigurationPlatforms) = postSolution
		{D24BEC35-27C2-4845-B5CE-BB175F5C8CB3}.Debug|Any CPU.ActiveCfg = Debug|Any CPU
		{D24BEC35-27C2-4845-B5CE-BB175F5C8CB3}.Debug|Any CPU.Build.0 = Debug|Any CPU
		{D24BEC35-27C2-4845-B5CE-BB175F5C8CB3}.Release|Any CPU.ActiveCfg = Release|Any CPU
		{D24BEC35-27C2-4845-B5CE-BB175F5C8CB3}.Release|Any CPU.Build.0 = Release|Any CPU
	EndGlobalSection
	GlobalSection(SolutionProperties) = preSolution
		HideSolutionNode = FALSE
	EndGlobalSection
	GlobalSection(ExtensibilityGlobals) = postSolution
		SolutionGuid = {DD6BFB0E-7B4E-426A-AA2E-B3455B26548E}
	EndGlobalSection
EndGlobal
